<?xml version="1.0" encoding="utf-8"?>
<Project ToolsVersion="4.0" xmlns="http://schemas.microsoft.com/developer/msbuild/2003">
  <ItemGroup>
    <Filter Include="include">
      <UniqueIdentifier>{436e09bd-0a69-4037-8dc6-52459f68e04b}</UniqueIdentifier>
    </Filter>
    <Filter Include="sources">
      <UniqueIdentifier>{304ef7fd-8410-4056-90d4-0c15ee74a6c4}</UniqueIdentifier>
    </Filter>
  </ItemGroup>
  <ItemGroup>
    <ClInclude Include="..\..\..\tests\sources\application.hpp">
      <Filter>include</Filter>
    </ClInclude>
    <ClInclude Include="..\..\..\tests\sources\profiler.hpp">
      <Filter>include</Filter>
    </ClInclude>
    <ClInclude Include="..\..\..\tests\sources\model.hpp">
      <Filter>include</Filter>
    </ClInclude>
    <ClInclude Include="..\..\..\tests\sources\resource_finder.hpp">
      <Filter>include</Filter>
    </ClInclude>
    <ClInclude Include="..\..\..\tests\sources\camera.hpp">
      <Filter>include</Filter>
    </ClInclude>
    <ClInclude Include="..\..\..\tests\sources\test.hpp">
      <Filter>include</Filter>
    </ClInclude>
    <ClInclude Include="..\..\..\tests\sources\ShellOpenGL.h">
      <Filter>include</Filter>
    </ClInclude>
    <ClInclude Include="..\..\..\tests\sources\ShellRenderInterfaceOpenGL.h">
      <Filter>include</Filter>
    </ClInclude>
    <ClInclude Include="..\..\..\tests\sources\ShellSystemInterface.h">
      <Filter>include</Filter>
    </ClInclude>
  </ItemGroup>
  <ItemGroup>
    <ClCompile Include="..\..\..\tests\sources\application.cpp">
      <Filter>sources</Filter>
    </ClCompile>
    <ClCompile Include="..\..\..\tests\sources\ShellSystemInterface.cpp">
      <Filter>sources</Filter>
    </ClCompile>
    <ClCompile Include="..\..\..\tests\sources\ShellRenderInterfaceOpenGL.cpp">
      <Filter>sources</Filter>
    </ClCompile>
  </ItemGroup>
</Project>