<?xml version="1.0" encoding="utf-8"?>
<Project ToolsVersion="4.0" xmlns="http://schemas.microsoft.com/developer/msbuild/2003">
  <ItemGroup>
    <Filter Include="include">
      <UniqueIdentifier>{93995380-89BD-4b04-88EB-625FBE52EBFB}</UniqueIdentifier>
      <Extensions>h;hpp;hxx;hm;inl;inc;xsd</Extensions>
    </Filter>
    <Filter Include="include\math">
      <UniqueIdentifier>{3b3b2828-a8ae-4195-be83-0b332c180fa8}</UniqueIdentifier>
    </Filter>
    <Filter Include="include\time">
      <UniqueIdentifier>{17fde1ba-af43-4418-98a2-dbd3872d744c}</UniqueIdentifier>
    </Filter>
    <Filter Include="include\geometry">
      <UniqueIdentifier>{6e73b30c-89cd-4e27-9fd9-3e369f2fe6db}</UniqueIdentifier>
    </Filter>
    <Filter Include="include\math\_matrix">
      <UniqueIdentifier>{2d753a79-2dcd-4d7b-9993-6fccd2e8b9b1}</UniqueIdentifier>
    </Filter>
    <Filter Include="include\math\_quaternion">
      <UniqueIdentifier>{d3f5cf60-bab0-43be-bb52-ccdd22255de9}</UniqueIdentifier>
    </Filter>
    <Filter Include="include\math\_vector">
      <UniqueIdentifier>{b47d1f16-26d5-4bfe-9869-3eaca96ed485}</UniqueIdentifier>
    </Filter>
    <Filter Include="include\detail">
      <UniqueIdentifier>{5ed21e80-e7b2-4351-953c-311aef6c1ccf}</UniqueIdentifier>
    </Filter>
    <Filter Include="sources">
      <UniqueIdentifier>{4FC737F1-C7A5-4376-A066-2A32D752A2FF}</UniqueIdentifier>
      <Extensions>cpp;c;cc;cxx;def;odl;idl;hpj;bat;asm;asmx</Extensions>
    </Filter>
    <Filter Include="sources\time">
      <UniqueIdentifier>{0809bdc8-d4d2-43eb-9154-a46508d31316}</UniqueIdentifier>
    </Filter>
  </ItemGroup>
  <ItemGroup>
    <ClInclude Include="..\..\include\djah\application_base.hpp">
      <Filter>include</Filter>
    </ClInclude>
    <ClInclude Include="..\..\include\djah\core\command.hpp">
      <Filter>include</Filter>
    </ClInclude>
    <ClInclude Include="..\..\include\djah\core\functor.hpp">
      <Filter>include</Filter>
    </ClInclude>
    <ClInclude Include="..\..\include\djah\core\hierarchy_generation.hpp">
      <Filter>include</Filter>
    </ClInclude>
    <ClInclude Include="..\..\include\djah\core\macros.hpp">
      <Filter>include</Filter>
    </ClInclude>
    <ClInclude Include="..\..\include\djah\core\murmur_hash.hpp">
      <Filter>include</Filter>
    </ClInclude>
    <ClInclude Include="..\..\include\djah\core\noise.hpp">
      <Filter>include</Filter>
    </ClInclude>
    <ClInclude Include="..\..\include\djah\core\randomizer.hpp">
      <Filter>include</Filter>
    </ClInclude>
    <ClInclude Include="..\..\include\djah\core\singleton.hpp">
      <Filter>include</Filter>
    </ClInclude>
    <ClInclude Include="..\..\include\djah\core\string_utils.hpp">
      <Filter>include</Filter>
    </ClInclude>
    <ClInclude Include="..\..\include\djah\core\typelist.hpp">
      <Filter>include</Filter>
    </ClInclude>
    <ClInclude Include="..\..\include\djah\core\type_traits.hpp">
      <Filter>include</Filter>
    </ClInclude>
    <ClInclude Include="..\..\include\djah\math.hpp">
      <Filter>include</Filter>
    </ClInclude>
    <ClInclude Include="..\..\include\djah\opengl.hpp">
      <Filter>include</Filter>
    </ClInclude>
    <ClInclude Include="..\..\include\djah\platform.hpp">
      <Filter>include</Filter>
    </ClInclude>
    <ClInclude Include="..\..\include\djah\types.hpp">
      <Filter>include</Filter>
    </ClInclude>
    <ClInclude Include="..\..\include\djah\core\detail\command_base.hpp">
      <Filter>include\detail</Filter>
    </ClInclude>
    <ClInclude Include="..\..\include\djah\core\detail\functor_handler.hpp">
      <Filter>include\detail</Filter>
    </ClInclude>
    <ClInclude Include="..\..\include\djah\core\detail\functor_impl.hpp">
      <Filter>include\detail</Filter>
    </ClInclude>
    <ClInclude Include="..\..\include\djah\geometry\geometry_utils.hpp">
      <Filter>include\geometry</Filter>
    </ClInclude>
    <ClInclude Include="..\..\include\djah\math\math_utils.hpp">
      <Filter>include\math</Filter>
    </ClInclude>
    <ClInclude Include="..\..\include\djah\math\matrix.hpp">
      <Filter>include\math\_matrix</Filter>
    </ClInclude>
    <ClInclude Include="..\..\include\djah\math\matrix2.hpp">
      <Filter>include\math\_matrix</Filter>
    </ClInclude>
    <ClInclude Include="..\..\include\djah\math\matrix2x3.hpp">
      <Filter>include\math\_matrix</Filter>
    </ClInclude>
    <ClInclude Include="..\..\include\djah\math\matrix2x4.hpp">
      <Filter>include\math\_matrix</Filter>
    </ClInclude>
    <ClInclude Include="..\..\include\djah\math\matrix3.hpp">
      <Filter>include\math\_matrix</Filter>
    </ClInclude>
    <ClInclude Include="..\..\include\djah\math\matrix3x2.hpp">
      <Filter>include\math\_matrix</Filter>
    </ClInclude>
    <ClInclude Include="..\..\include\djah\math\matrix3x4.hpp">
      <Filter>include\math\_matrix</Filter>
    </ClInclude>
    <ClInclude Include="..\..\include\djah\math\matrix_utils.hpp">
      <Filter>include\math\_matrix</Filter>
    </ClInclude>
    <ClInclude Include="..\..\include\djah\math\matrix4.hpp">
      <Filter>include\math\_matrix</Filter>
    </ClInclude>
    <ClInclude Include="..\..\include\djah\math\matrix4x2.hpp">
      <Filter>include\math\_matrix</Filter>
    </ClInclude>
    <ClInclude Include="..\..\include\djah\math\matrix4x3.hpp">
      <Filter>include\math\_matrix</Filter>
    </ClInclude>
    <ClInclude Include="..\..\include\djah\math\vector_utils.hpp">
      <Filter>include\math\_vector</Filter>
    </ClInclude>
    <ClInclude Include="..\..\include\djah\math\vector.hpp">
      <Filter>include\math\_vector</Filter>
    </ClInclude>
    <ClInclude Include="..\..\include\djah\math\vector2.hpp">
      <Filter>include\math\_vector</Filter>
    </ClInclude>
    <ClInclude Include="..\..\include\djah\math\vector3.hpp">
      <Filter>include\math\_vector</Filter>
    </ClInclude>
    <ClInclude Include="..\..\include\djah\math\vector4.hpp">
      <Filter>include\math\_vector</Filter>
    </ClInclude>
    <ClInclude Include="..\..\include\djah\math\quaternion_utils.hpp">
      <Filter>include\math\_quaternion</Filter>
    </ClInclude>
    <ClInclude Include="..\..\include\djah\math\quaternion.hpp">
      <Filter>include\math\_quaternion</Filter>
    </ClInclude>
    <ClInclude Include="..\..\include\djah\geometry\triangle.hpp">
      <Filter>include\geometry</Filter>
    </ClInclude>
    <ClInclude Include="..\..\include\djah\geometry\sphere.hpp">
      <Filter>include\geometry</Filter>
    </ClInclude>
    <ClInclude Include="..\..\include\djah\geometry\ray.hpp">
      <Filter>include\geometry</Filter>
    </ClInclude>
    <ClInclude Include="..\..\include\djah\geometry\rect.hpp">
      <Filter>include\geometry</Filter>
    </ClInclude>
    <ClInclude Include="..\..\include\djah\geometry\plane.hpp">
      <Filter>include\geometry</Filter>
    </ClInclude>
    <ClInclude Include="..\..\include\djah\math\projection.hpp">
      <Filter>include\math</Filter>
    </ClInclude>
    <ClInclude Include="..\..\include\djah\math\splines.hpp">
      <Filter>include\math</Filter>
    </ClInclude>
    <ClInclude Include="..\..\include\djah\core\detail\member_function_handler.hpp">
      <Filter>include\detail</Filter>
    </ClInclude>
    <ClInclude Include="..\..\include\djah\math\transform.hpp">
      <Filter>include\math</Filter>
    </ClInclude>
    <ClInclude Include="..\..\include\djah\math\dual_number.hpp">
      <Filter>include\math</Filter>
    </ClInclude>
    <ClInclude Include="..\..\include\djah\core\state_machine.hpp">
      <Filter>include</Filter>
    </ClInclude>
    <ClInclude Include="..\..\include\djah\math\angles.hpp">
      <Filter>include\math</Filter>
    </ClInclude>
    <ClInclude Include="..\..\include\djah\core\time\timer.hpp">
      <Filter>include\time</Filter>
    </ClInclude>
    <ClInclude Include="..\..\include\djah\core\events.hpp">
      <Filter>include</Filter>
    </ClInclude>
    <ClInclude Include="..\..\include\djah\core\enum.hpp">
      <Filter>include</Filter>
    </ClInclude>
  </ItemGroup>
  <ItemGroup>
    <None Include="..\..\include\djah\math\matrix.inl">
      <Filter>include\math\_matrix</Filter>
    </None>
    <None Include="..\..\include\djah\math\vector.inl">
      <Filter>include\math\_vector</Filter>
    </None>
    <None Include="..\..\include\djah\math\quaternion.inl">
      <Filter>include\math\_quaternion</Filter>
    </None>
    <None Include="..\..\include\djah\geometry\triangle.inl">
      <Filter>include\geometry</Filter>
    </None>
    <None Include="..\..\include\djah\geometry\rect.inl">
      <Filter>include\geometry</Filter>
    </None>
    <None Include="..\..\include\djah\geometry\plane.inl">
      <Filter>include\geometry</Filter>
    </None>
    <None Include="..\..\include\djah\math\transform.inl">
      <Filter>include\math</Filter>
    </None>
    <None Include="..\..\include\djah\math\dual_number.inl">
      <Filter>include\math</Filter>
    </None>
  </ItemGroup>
  <ItemGroup>
    <ClCompile Include="..\..\sources\core\randomizer.cpp">
      <Filter>sources</Filter>
    </ClCompile>
    <ClCompile Include="..\..\sources\core\time\timer.cpp">
      <Filter>sources\time</Filter>
    </ClCompile>
  </ItemGroup>
</Project>