<?xml version="1.0" encoding="utf-8"?>
<Project ToolsVersion="4.0" xmlns="http://schemas.microsoft.com/developer/msbuild/2003">
  <ItemGroup>
    <Filter Include="collada">
      <UniqueIdentifier>{93995380-89BD-4b04-88EB-625FBE52EBFB}</UniqueIdentifier>
      <Extensions>h;hpp;hxx;hm;inl;inc;xsd</Extensions>
    </Filter>
    <Filter Include="collada\library">
      <UniqueIdentifier>{67DA6AB6-F800-4c08-8B7A-83BB121AAD01}</UniqueIdentifier>
      <Extensions>rc;ico;cur;bmp;dlg;rc2;rct;bin;rgs;gif;jpg;jpeg;jpe;resx;tiff;tif;png;wav;mfcribbon-ms</Extensions>
    </Filter>
  </ItemGroup>
  <ItemGroup>
    <ClCompile Include="..\..\..\collada_converter\main.cpp" />
    <ClCompile Include="..\..\..\collada_converter\collada\library\geometries.cpp">
      <Filter>collada\library</Filter>
    </ClCompile>
    <ClCompile Include="..\..\..\collada_converter\collada\database.cpp">
      <Filter>collada</Filter>
    </ClCompile>
    <ClCompile Include="..\..\..\collada_converter\collada\proxy.cpp">
      <Filter>collada</Filter>
    </ClCompile>
    <ClCompile Include="..\..\..\collada_converter\collada\library\common.cpp">
      <Filter>collada\library</Filter>
    </ClCompile>
    <ClCompile Include="..\..\..\collada_converter\collada\library\images.cpp">
      <Filter>collada\library</Filter>
    </ClCompile>
    <ClCompile Include="..\..\..\collada_converter\collada\library\controllers.cpp">
      <Filter>collada\library</Filter>
    </ClCompile>
    <ClCompile Include="..\..\..\collada_converter\collada\library\animations.cpp">
      <Filter>collada\library</Filter>
    </ClCompile>
    <ClCompile Include="..\..\..\collada_converter\collada\library\effects.cpp">
      <Filter>collada\library</Filter>
    </ClCompile>
    <ClCompile Include="..\..\..\collada_converter\collada\library\visual_scenes.cpp">
      <Filter>collada\library</Filter>
    </ClCompile>
    <ClCompile Include="..\..\..\collada_converter\collada\library\materials.cpp">
      <Filter>collada\library</Filter>
    </ClCompile>
    <ClCompile Include="..\..\..\collada_converter\collada\utils.cpp">
      <Filter>collada</Filter>
    </ClCompile>
    <ClCompile Include="..\..\..\collada_converter\mesh_builder.cpp">
      <Filter>collada</Filter>
    </ClCompile>
  </ItemGroup>
  <ItemGroup>
    <ClInclude Include="..\..\..\collada_converter\collada\library\geometries.hpp">
      <Filter>collada\library</Filter>
    </ClInclude>
    <ClInclude Include="..\..\..\collada_converter\collada\database.hpp">
      <Filter>collada</Filter>
    </ClInclude>
    <ClInclude Include="..\..\..\collada_converter\collada\proxy.hpp">
      <Filter>collada</Filter>
    </ClInclude>
    <ClInclude Include="..\..\..\collada_converter\collada\library\common.hpp">
      <Filter>collada\library</Filter>
    </ClInclude>
    <ClInclude Include="..\..\..\collada_converter\collada\library\images.hpp">
      <Filter>collada\library</Filter>
    </ClInclude>
    <ClInclude Include="..\..\..\collada_converter\collada\library\controllers.hpp">
      <Filter>collada\library</Filter>
    </ClInclude>
    <ClInclude Include="..\..\..\collada_converter\collada\library\animations.hpp">
      <Filter>collada\library</Filter>
    </ClInclude>
    <ClInclude Include="..\..\..\collada_converter\collada\library\effects.hpp">
      <Filter>collada\library</Filter>
    </ClInclude>
    <ClInclude Include="..\..\..\collada_converter\collada\library\visual_scenes.hpp">
      <Filter>collada\library</Filter>
    </ClInclude>
    <ClInclude Include="..\..\..\collada_converter\collada\library\materials.hpp">
      <Filter>collada\library</Filter>
    </ClInclude>
    <ClInclude Include="..\..\..\collada_converter\collada\utils.hpp">
      <Filter>collada</Filter>
    </ClInclude>
    <ClInclude Include="..\..\..\collada_converter\collada\fwd_decl.hpp">
      <Filter>collada</Filter>
    </ClInclude>
    <ClInclude Include="..\..\..\collada_converter\mesh_builder.hpp">
      <Filter>collada</Filter>
    </ClInclude>
  </ItemGroup>
</Project>