<?xml version="1.0" encoding="utf-8"?>
<Project ToolsVersion="4.0" xmlns="http://schemas.microsoft.com/developer/msbuild/2003">
  <ItemGroup>
    <Filter Include="include">
      <UniqueIdentifier>{d1c8fe30-f7f1-4fea-be13-93ce654cf631}</UniqueIdentifier>
    </Filter>
    <Filter Include="sources">
      <UniqueIdentifier>{d6cece20-dd7b-42ec-875b-b7d67653c76f}</UniqueIdentifier>
    </Filter>
  </ItemGroup>
  <ItemGroup>
    <ClInclude Include="..\..\include\djah\filesystem\browser.hpp">
      <Filter>include</Filter>
    </ClInclude>
    <ClInclude Include="..\..\include\djah\filesystem\url.hpp">
      <Filter>include</Filter>
    </ClInclude>
    <ClInclude Include="..\..\include\djah\filesystem\compressed_source.hpp">
      <Filter>include</Filter>
    </ClInclude>
    <ClInclude Include="..\..\include\djah\filesystem\compression_techniques.hpp">
      <Filter>include</Filter>
    </ClInclude>
    <ClInclude Include="..\..\include\djah\filesystem\directory_source.hpp">
      <Filter>include</Filter>
    </ClInclude>
    <ClInclude Include="..\..\include\djah\filesystem\file_stream.hpp">
      <Filter>include</Filter>
    </ClInclude>
    <ClInclude Include="..\..\include\djah\filesystem\memory_stream.hpp">
      <Filter>include</Filter>
    </ClInclude>
    <ClInclude Include="..\..\include\djah\filesystem\source.hpp">
      <Filter>include</Filter>
    </ClInclude>
    <ClInclude Include="..\..\include\djah\filesystem\stream.hpp">
      <Filter>include</Filter>
    </ClInclude>
  </ItemGroup>
  <ItemGroup>
    <None Include="..\..\include\djah\filesystem\compressed_source.inl">
      <Filter>include</Filter>
    </None>
    <None Include="..\..\include\djah\filesystem\stream.inl">
      <Filter>include</Filter>
    </None>
  </ItemGroup>
  <ItemGroup>
    <ClCompile Include="..\..\sources\filesystem\browser.cpp">
      <Filter>sources</Filter>
    </ClCompile>
    <ClCompile Include="..\..\sources\filesystem\compression_techniques.cpp">
      <Filter>sources</Filter>
    </ClCompile>
    <ClCompile Include="..\..\sources\filesystem\directory_source.cpp">
      <Filter>sources</Filter>
    </ClCompile>
    <ClCompile Include="..\..\sources\filesystem\file_stream.cpp">
      <Filter>sources</Filter>
    </ClCompile>
    <ClCompile Include="..\..\sources\filesystem\memory_stream.cpp">
      <Filter>sources</Filter>
    </ClCompile>
    <ClCompile Include="..\..\sources\filesystem\url.cpp">
      <Filter>sources</Filter>
    </ClCompile>
  </ItemGroup>
</Project>