
Microsoft Visual Studio Solution File, Format Version 11.00
# Visual Studio 2010
Project("{8BC9CEB8-8B4A-11D0-8D11-00A0C91BC942}") = "djahlib", "djahlib\djahlib.vcxproj", "{D346FF67-F64E-434E-AD73-6E8A663DC356}"
EndProject
Project("{8BC9CEB8-8B4A-11D0-8D11-00A0C91BC942}") = "djah_testappli", "djah_testappli\djah_testappli.vcxproj", "{7AAB6E15-003B-4255-A923-7D8A8C11F47E}"
	ProjectSection(ProjectDependencies) = postProject
		{D346FF67-F64E-434E-AD73-6E8A663DC356} = {D346FF67-F64E-434E-AD73-6E8A663DC356}
	EndProjectSection
EndProject
Project("{8BC9CEB8-8B4A-11D0-8D11-00A0C91BC942}") = "collada_converter", "collada_converter\collada_converter.vcxproj", "{82AAAFDA-45C5-44E2-81BC-0E0EE09AF99E}"
	ProjectSection(ProjectDependencies) = postProject
		{D346FF67-F64E-434E-AD73-6E8A663DC356} = {D346FF67-F64E-434E-AD73-6E8A663DC356}
	EndProjectSection
EndProject
Global
	GlobalSection(SolutionConfigurationPlatforms) = preSolution
		Debug|Win32 = Debug|Win32
		Release|Win32 = Release|Win32
	EndGlobalSection
	GlobalSection(ProjectConfigurationPlatforms) = postSolution
		{D346FF67-F64E-434E-AD73-6E8A663DC356}.Debug|Win32.ActiveCfg = Debug|Win32
		{D346FF67-F64E-434E-AD73-6E8A663DC356}.Debug|Win32.Build.0 = Debug|Win32
		{D346FF67-F64E-434E-AD73-6E8A663DC356}.Release|Win32.ActiveCfg = Release|Win32
		{D346FF67-F64E-434E-AD73-6E8A663DC356}.Release|Win32.Build.0 = Release|Win32
		{7AAB6E15-003B-4255-A923-7D8A8C11F47E}.Debug|Win32.ActiveCfg = Debug|Win32
		{7AAB6E15-003B-4255-A923-7D8A8C11F47E}.Debug|Win32.Build.0 = Debug|Win32
		{7AAB6E15-003B-4255-A923-7D8A8C11F47E}.Release|Win32.ActiveCfg = Release|Win32
		{7AAB6E15-003B-4255-A923-7D8A8C11F47E}.Release|Win32.Build.0 = Release|Win32
		{82AAAFDA-45C5-44E2-81BC-0E0EE09AF99E}.Debug|Win32.ActiveCfg = Debug|Win32
		{82AAAFDA-45C5-44E2-81BC-0E0EE09AF99E}.Debug|Win32.Build.0 = Debug|Win32
		{82AAAFDA-45C5-44E2-81BC-0E0EE09AF99E}.Release|Win32.ActiveCfg = Release|Win32
		{82AAAFDA-45C5-44E2-81BC-0E0EE09AF99E}.Release|Win32.Build.0 = Release|Win32
	EndGlobalSection
	GlobalSection(SolutionProperties) = preSolution
		HideSolutionNode = FALSE
	EndGlobalSection
EndGlobal
