
Microsoft Visual Studio Solution File, Format Version 11.00
# Visual Studio 2010
Project("{8BC9CEB8-8B4A-11D0-8D11-00A0C91BC942}") = "djah_3d", "djah_3d.vcxproj", "{543CE95D-AEAA-480F-9DDD-F04CE4FE8123}"
EndProject
Project("{8BC9CEB8-8B4A-11D0-8D11-00A0C91BC942}") = "djah_core", "djah_core.vcxproj", "{E6AD5850-0F26-4F2B-923E-8F9CBF8037F8}"
EndProject
Project("{8BC9CEB8-8B4A-11D0-8D11-00A0C91BC942}") = "djah_debug", "djah_debug.vcxproj", "{63CC4E65-85DD-40B7-832E-C24874A3A392}"
EndProject
Project("{8BC9CEB8-8B4A-11D0-8D11-00A0C91BC942}") = "djah_filesystem", "djah_filesystem.vcxproj", "{DC426C2C-85A1-43A0-A8CF-282072C25D71}"
EndProject
Project("{8BC9CEB8-8B4A-11D0-8D11-00A0C91BC942}") = "djah_opengl", "djah_opengl.vcxproj", "{7A05DD56-1939-488D-9E6D-F5DEA55ACAA4}"
EndProject
Project("{8BC9CEB8-8B4A-11D0-8D11-00A0C91BC942}") = "djah_resources", "djah_resources.vcxproj", "{E553EFC9-96B6-46B1-844F-E33388018025}"
EndProject
Project("{8BC9CEB8-8B4A-11D0-8D11-00A0C91BC942}") = "djah_system", "djah_system.vcxproj", "{AFA71315-A65A-4309-AEB3-AB7788E32E4F}"
EndProject
Project("{8BC9CEB8-8B4A-11D0-8D11-00A0C91BC942}") = "djah_testappli", "djah_testappli.vcxproj", "{7AAB6E15-003B-4255-A923-7D8A8C11F47E}"
	ProjectSection(ProjectDependencies) = postProject
		{AFA71315-A65A-4309-AEB3-AB7788E32E4F} = {AFA71315-A65A-4309-AEB3-AB7788E32E4F}
		{DC426C2C-85A1-43A0-A8CF-282072C25D71} = {DC426C2C-85A1-43A0-A8CF-282072C25D71}
		{E6AD5850-0F26-4F2B-923E-8F9CBF8037F8} = {E6AD5850-0F26-4F2B-923E-8F9CBF8037F8}
		{7A05DD56-1939-488D-9E6D-F5DEA55ACAA4} = {7A05DD56-1939-488D-9E6D-F5DEA55ACAA4}
		{543CE95D-AEAA-480F-9DDD-F04CE4FE8123} = {543CE95D-AEAA-480F-9DDD-F04CE4FE8123}
		{63CC4E65-85DD-40B7-832E-C24874A3A392} = {63CC4E65-85DD-40B7-832E-C24874A3A392}
		{E553EFC9-96B6-46B1-844F-E33388018025} = {E553EFC9-96B6-46B1-844F-E33388018025}
	EndProjectSection
EndProject
Project("{2150E333-8FDC-42A3-9474-1A3956D46DE8}") = "djah", "djah", "{4C37E677-9FC3-45A4-9CF5-5D29A07049DD}"
EndProject
Project("{8BC9CEB8-8B4A-11D0-8D11-00A0C91BC942}") = "djah_api_test", "djah_api_test.vcxproj", "{73E0D0FA-C047-45B0-AC6F-35780607893C}"
	ProjectSection(ProjectDependencies) = postProject
		{AFA71315-A65A-4309-AEB3-AB7788E32E4F} = {AFA71315-A65A-4309-AEB3-AB7788E32E4F}
		{DC426C2C-85A1-43A0-A8CF-282072C25D71} = {DC426C2C-85A1-43A0-A8CF-282072C25D71}
		{E6AD5850-0F26-4F2B-923E-8F9CBF8037F8} = {E6AD5850-0F26-4F2B-923E-8F9CBF8037F8}
		{7A05DD56-1939-488D-9E6D-F5DEA55ACAA4} = {7A05DD56-1939-488D-9E6D-F5DEA55ACAA4}
		{543CE95D-AEAA-480F-9DDD-F04CE4FE8123} = {543CE95D-AEAA-480F-9DDD-F04CE4FE8123}
		{63CC4E65-85DD-40B7-832E-C24874A3A392} = {63CC4E65-85DD-40B7-832E-C24874A3A392}
		{E553EFC9-96B6-46B1-844F-E33388018025} = {E553EFC9-96B6-46B1-844F-E33388018025}
	EndProjectSection
EndProject
Global
	GlobalSection(SolutionConfigurationPlatforms) = preSolution
		Debug|Win32 = Debug|Win32
		Release|Win32 = Release|Win32
	EndGlobalSection
	GlobalSection(ProjectConfigurationPlatforms) = postSolution
		{543CE95D-AEAA-480F-9DDD-F04CE4FE8123}.Debug|Win32.ActiveCfg = Debug|Win32
		{543CE95D-AEAA-480F-9DDD-F04CE4FE8123}.Debug|Win32.Build.0 = Debug|Win32
		{543CE95D-AEAA-480F-9DDD-F04CE4FE8123}.Release|Win32.ActiveCfg = Release|Win32
		{543CE95D-AEAA-480F-9DDD-F04CE4FE8123}.Release|Win32.Build.0 = Release|Win32
		{E6AD5850-0F26-4F2B-923E-8F9CBF8037F8}.Debug|Win32.ActiveCfg = Debug|Win32
		{E6AD5850-0F26-4F2B-923E-8F9CBF8037F8}.Debug|Win32.Build.0 = Debug|Win32
		{E6AD5850-0F26-4F2B-923E-8F9CBF8037F8}.Release|Win32.ActiveCfg = Release|Win32
		{E6AD5850-0F26-4F2B-923E-8F9CBF8037F8}.Release|Win32.Build.0 = Release|Win32
		{63CC4E65-85DD-40B7-832E-C24874A3A392}.Debug|Win32.ActiveCfg = Debug|Win32
		{63CC4E65-85DD-40B7-832E-C24874A3A392}.Debug|Win32.Build.0 = Debug|Win32
		{63CC4E65-85DD-40B7-832E-C24874A3A392}.Release|Win32.ActiveCfg = Release|Win32
		{63CC4E65-85DD-40B7-832E-C24874A3A392}.Release|Win32.Build.0 = Release|Win32
		{DC426C2C-85A1-43A0-A8CF-282072C25D71}.Debug|Win32.ActiveCfg = Debug|Win32
		{DC426C2C-85A1-43A0-A8CF-282072C25D71}.Debug|Win32.Build.0 = Debug|Win32
		{DC426C2C-85A1-43A0-A8CF-282072C25D71}.Release|Win32.ActiveCfg = Release|Win32
		{DC426C2C-85A1-43A0-A8CF-282072C25D71}.Release|Win32.Build.0 = Release|Win32
		{7A05DD56-1939-488D-9E6D-F5DEA55ACAA4}.Debug|Win32.ActiveCfg = Debug|Win32
		{7A05DD56-1939-488D-9E6D-F5DEA55ACAA4}.Debug|Win32.Build.0 = Debug|Win32
		{7A05DD56-1939-488D-9E6D-F5DEA55ACAA4}.Release|Win32.ActiveCfg = Release|Win32
		{7A05DD56-1939-488D-9E6D-F5DEA55ACAA4}.Release|Win32.Build.0 = Release|Win32
		{E553EFC9-96B6-46B1-844F-E33388018025}.Debug|Win32.ActiveCfg = Debug|Win32
		{E553EFC9-96B6-46B1-844F-E33388018025}.Debug|Win32.Build.0 = Debug|Win32
		{E553EFC9-96B6-46B1-844F-E33388018025}.Release|Win32.ActiveCfg = Release|Win32
		{E553EFC9-96B6-46B1-844F-E33388018025}.Release|Win32.Build.0 = Release|Win32
		{AFA71315-A65A-4309-AEB3-AB7788E32E4F}.Debug|Win32.ActiveCfg = Debug|Win32
		{AFA71315-A65A-4309-AEB3-AB7788E32E4F}.Debug|Win32.Build.0 = Debug|Win32
		{AFA71315-A65A-4309-AEB3-AB7788E32E4F}.Release|Win32.ActiveCfg = Release|Win32
		{AFA71315-A65A-4309-AEB3-AB7788E32E4F}.Release|Win32.Build.0 = Release|Win32
		{7AAB6E15-003B-4255-A923-7D8A8C11F47E}.Debug|Win32.ActiveCfg = Debug|Win32
		{7AAB6E15-003B-4255-A923-7D8A8C11F47E}.Release|Win32.ActiveCfg = Release|Win32
		{73E0D0FA-C047-45B0-AC6F-35780607893C}.Debug|Win32.ActiveCfg = Debug|Win32
		{73E0D0FA-C047-45B0-AC6F-35780607893C}.Debug|Win32.Build.0 = Debug|Win32
		{73E0D0FA-C047-45B0-AC6F-35780607893C}.Release|Win32.ActiveCfg = Release|Win32
		{73E0D0FA-C047-45B0-AC6F-35780607893C}.Release|Win32.Build.0 = Release|Win32
	EndGlobalSection
	GlobalSection(SolutionProperties) = preSolution
		HideSolutionNode = FALSE
	EndGlobalSection
	GlobalSection(NestedProjects) = preSolution
		{E6AD5850-0F26-4F2B-923E-8F9CBF8037F8} = {4C37E677-9FC3-45A4-9CF5-5D29A07049DD}
		{63CC4E65-85DD-40B7-832E-C24874A3A392} = {4C37E677-9FC3-45A4-9CF5-5D29A07049DD}
		{DC426C2C-85A1-43A0-A8CF-282072C25D71} = {4C37E677-9FC3-45A4-9CF5-5D29A07049DD}
		{7A05DD56-1939-488D-9E6D-F5DEA55ACAA4} = {4C37E677-9FC3-45A4-9CF5-5D29A07049DD}
		{E553EFC9-96B6-46B1-844F-E33388018025} = {4C37E677-9FC3-45A4-9CF5-5D29A07049DD}
		{AFA71315-A65A-4309-AEB3-AB7788E32E4F} = {4C37E677-9FC3-45A4-9CF5-5D29A07049DD}
		{543CE95D-AEAA-480F-9DDD-F04CE4FE8123} = {4C37E677-9FC3-45A4-9CF5-5D29A07049DD}
	EndGlobalSection
EndGlobal
