
Microsoft Visual Studio Solution File, Format Version 9.00
# Visual Studio 2005
Project("{8BC9CEB8-8B4A-11D0-8D11-00A0C91BC942}") = "djahlib", "djahlib\djahlib.vcproj", "{9F06865D-73F6-4AE4-A6D9-FB9FC9D549DB}"
EndProject
Project("{8BC9CEB8-8B4A-11D0-8D11-00A0C91BC942}") = "collada_converter", "collada_converter\collada_converter.vcproj", "{EA4512E9-7F2E-4AFC-91E5-01B5D9CC11E5}"
	ProjectSection(ProjectDependencies) = postProject
		{9F06865D-73F6-4AE4-A6D9-FB9FC9D549DB} = {9F06865D-73F6-4AE4-A6D9-FB9FC9D549DB}
	EndProjectSection
EndProject
Project("{8BC9CEB8-8B4A-11D0-8D11-00A0C91BC942}") = "pak_compressor", "pak_compressor\pak_compressor.vcproj", "{D6B62FD0-AB33-4023-B09E-004DEF43E339}"
	ProjectSection(ProjectDependencies) = postProject
		{9F06865D-73F6-4AE4-A6D9-FB9FC9D549DB} = {9F06865D-73F6-4AE4-A6D9-FB9FC9D549DB}
	EndProjectSection
EndProject
Global
	GlobalSection(SolutionConfigurationPlatforms) = preSolution
		Debug|Win32 = Debug|Win32
		Release|Win32 = Release|Win32
	EndGlobalSection
	GlobalSection(ProjectConfigurationPlatforms) = postSolution
		{9F06865D-73F6-4AE4-A6D9-FB9FC9D549DB}.Debug|Win32.ActiveCfg = Debug|Win32
		{9F06865D-73F6-4AE4-A6D9-FB9FC9D549DB}.Debug|Win32.Build.0 = Debug|Win32
		{9F06865D-73F6-4AE4-A6D9-FB9FC9D549DB}.Release|Win32.ActiveCfg = Release|Win32
		{9F06865D-73F6-4AE4-A6D9-FB9FC9D549DB}.Release|Win32.Build.0 = Release|Win32
		{EA4512E9-7F2E-4AFC-91E5-01B5D9CC11E5}.Debug|Win32.ActiveCfg = Debug|Win32
		{EA4512E9-7F2E-4AFC-91E5-01B5D9CC11E5}.Debug|Win32.Build.0 = Debug|Win32
		{EA4512E9-7F2E-4AFC-91E5-01B5D9CC11E5}.Release|Win32.ActiveCfg = Release|Win32
		{EA4512E9-7F2E-4AFC-91E5-01B5D9CC11E5}.Release|Win32.Build.0 = Release|Win32
		{D6B62FD0-AB33-4023-B09E-004DEF43E339}.Debug|Win32.ActiveCfg = Debug|Win32
		{D6B62FD0-AB33-4023-B09E-004DEF43E339}.Debug|Win32.Build.0 = Debug|Win32
		{D6B62FD0-AB33-4023-B09E-004DEF43E339}.Release|Win32.ActiveCfg = Release|Win32
		{D6B62FD0-AB33-4023-B09E-004DEF43E339}.Release|Win32.Build.0 = Release|Win32
	EndGlobalSection
	GlobalSection(SolutionProperties) = preSolution
		HideSolutionNode = FALSE
	EndGlobalSection
EndGlobal
