<?xml version="1.0" encoding="utf-8"?>
<Project ToolsVersion="4.0" xmlns="http://schemas.microsoft.com/developer/msbuild/2003">
  <ItemGroup>
    <Filter Include="include">
      <UniqueIdentifier>{93995380-89BD-4b04-88EB-625FBE52EBFB}</UniqueIdentifier>
      <Extensions>h;hpp;hxx;hm;inl;inc;xsd</Extensions>
    </Filter>
    <Filter Include="src">
      <UniqueIdentifier>{67DA6AB6-F800-4c08-8B7A-83BB121AAD01}</UniqueIdentifier>
      <Extensions>rc;ico;cur;bmp;dlg;rc2;rct;bin;rgs;gif;jpg;jpeg;jpe;resx;tiff;tif;png;wav;mfcribbon-ms</Extensions>
    </Filter>
    <Filter Include="include\math">
      <UniqueIdentifier>{4cb13fd0-2e08-467f-ba90-0e1ec341cda0}</UniqueIdentifier>
    </Filter>
    <Filter Include="include\video">
      <UniqueIdentifier>{97b3f15b-ce8c-43e3-9baf-878bb20fc7cd}</UniqueIdentifier>
    </Filter>
    <Filter Include="src\video">
      <UniqueIdentifier>{c1140ae0-a39c-4768-ad34-af9b6177eecd}</UniqueIdentifier>
    </Filter>
    <Filter Include="src\video\devices">
      <UniqueIdentifier>{ea85bade-5606-4c80-b9fb-f66e7bb7392b}</UniqueIdentifier>
    </Filter>
    <Filter Include="include\video\drivers">
      <UniqueIdentifier>{ae5465fd-4a5a-45fe-abb0-ec46e3f57744}</UniqueIdentifier>
    </Filter>
    <Filter Include="src\video\drivers">
      <UniqueIdentifier>{cd26694e-6d2b-4ba5-9620-8c3689d2380c}</UniqueIdentifier>
    </Filter>
    <Filter Include="src\video\drivers\detail">
      <UniqueIdentifier>{042a007b-5981-458d-9bc1-a398b61e1f4a}</UniqueIdentifier>
    </Filter>
    <Filter Include="include\video\drivers\ogl">
      <UniqueIdentifier>{dcbc8ece-deb2-42c2-a8bc-a4666f4c8b69}</UniqueIdentifier>
    </Filter>
    <Filter Include="src\log">
      <UniqueIdentifier>{232bef67-4d5c-49f3-b410-54d55d16848d}</UniqueIdentifier>
    </Filter>
    <Filter Include="include\log">
      <UniqueIdentifier>{05383b3c-6f13-4f5c-b5c4-62d244145192}</UniqueIdentifier>
    </Filter>
    <Filter Include="include\utils">
      <UniqueIdentifier>{d76e1cc4-8abd-481a-ad17-89a815b24949}</UniqueIdentifier>
    </Filter>
    <Filter Include="include\utils\detail">
      <UniqueIdentifier>{e9da004e-b699-4a7f-ac39-dbc5d0785a62}</UniqueIdentifier>
    </Filter>
    <Filter Include="include\geometry">
      <UniqueIdentifier>{48e405c9-abc0-4807-9196-c4917174d324}</UniqueIdentifier>
    </Filter>
    <Filter Include="include\video\fonts">
      <UniqueIdentifier>{8c0b1c93-a53f-4e8b-9b4d-5cb4f7d398eb}</UniqueIdentifier>
    </Filter>
    <Filter Include="include\video\drivers\detail">
      <UniqueIdentifier>{e7496023-b52e-463d-a7cd-7aed1db48477}</UniqueIdentifier>
    </Filter>
    <Filter Include="include\video\drivers\ogl\buffers">
      <UniqueIdentifier>{c7cc94c0-b8fd-4099-ac7a-57a92d55d3bc}</UniqueIdentifier>
    </Filter>
    <Filter Include="include\video\drivers\ogl\shaders">
      <UniqueIdentifier>{8c1f848b-e27d-4037-b21c-5db6ae1905bd}</UniqueIdentifier>
    </Filter>
    <Filter Include="src\video\drivers\ogl">
      <UniqueIdentifier>{f42128fd-2d23-4b67-abaf-7cf9208b9fef}</UniqueIdentifier>
    </Filter>
    <Filter Include="src\video\drivers\ogl\buffers">
      <UniqueIdentifier>{f74dc1aa-a3cc-497b-ba44-208ce9b45e11}</UniqueIdentifier>
    </Filter>
    <Filter Include="src\video\drivers\ogl\shaders">
      <UniqueIdentifier>{177594a5-49e0-4e4c-bda3-b6f3afb5da40}</UniqueIdentifier>
    </Filter>
    <Filter Include="include\resources">
      <UniqueIdentifier>{c61ec568-d990-4ed0-8c81-af35ab1d41c2}</UniqueIdentifier>
    </Filter>
    <Filter Include="include\messages">
      <UniqueIdentifier>{0e9b82fb-3814-4b94-8057-d2e8268697c4}</UniqueIdentifier>
    </Filter>
    <Filter Include="src\resources">
      <UniqueIdentifier>{9e8a5573-4728-48b3-88b0-d9e5a305f746}</UniqueIdentifier>
    </Filter>
    <Filter Include="include\resources\loaders">
      <UniqueIdentifier>{c715f922-3565-4cb4-afc8-cc9366af1aaf}</UniqueIdentifier>
    </Filter>
    <Filter Include="src\resources\loaders">
      <UniqueIdentifier>{a199385e-cd43-4b29-8ff7-577cc7a7d7ca}</UniqueIdentifier>
    </Filter>
    <Filter Include="include\fs">
      <UniqueIdentifier>{a0277615-ba0b-4c49-be5b-247767d7e009}</UniqueIdentifier>
    </Filter>
    <Filter Include="src\fs">
      <UniqueIdentifier>{d8a314d4-0fa5-4251-9736-da3d376ea80f}</UniqueIdentifier>
    </Filter>
    <Filter Include="src\utils">
      <UniqueIdentifier>{d320a66f-4231-4e7e-9581-d31e6e1c2740}</UniqueIdentifier>
    </Filter>
    <Filter Include="src\time">
      <UniqueIdentifier>{1171b3f4-053e-4f2c-8dd1-56e396956e7d}</UniqueIdentifier>
    </Filter>
    <Filter Include="include\time">
      <UniqueIdentifier>{d50dedf4-64e7-47fc-8bf6-87cec8d72b23}</UniqueIdentifier>
    </Filter>
    <Filter Include="src\video\primitives">
      <UniqueIdentifier>{e2cc87f8-53ab-4cbe-8ce9-0be1bbacca14}</UniqueIdentifier>
    </Filter>
    <Filter Include="include\gameplay">
      <UniqueIdentifier>{2e3f11b2-ae6f-4f74-80eb-b80f37057b99}</UniqueIdentifier>
    </Filter>
    <Filter Include="include\gameplay\go">
      <UniqueIdentifier>{9a8ddd0b-4d1a-4cf2-af46-1ea9e9464b5f}</UniqueIdentifier>
    </Filter>
    <Filter Include="include\math\vector">
      <UniqueIdentifier>{7f8285c4-16be-4298-91c4-7adc0a4866d0}</UniqueIdentifier>
    </Filter>
    <Filter Include="include\math\matrix">
      <UniqueIdentifier>{cb4c147e-62d2-41df-a004-f17c811c6b29}</UniqueIdentifier>
    </Filter>
    <Filter Include="include\math\quaternion">
      <UniqueIdentifier>{985dfc8e-88ab-4328-ba53-951f49aef7c8}</UniqueIdentifier>
    </Filter>
    <Filter Include="include\video\devices">
      <UniqueIdentifier>{55031505-fdb7-406d-a18b-1a4a65b9e541}</UniqueIdentifier>
    </Filter>
  </ItemGroup>
  <ItemGroup>
    <ClInclude Include="..\..\..\include\djah\math.hpp">
      <Filter>include</Filter>
    </ClInclude>
    <ClInclude Include="..\..\..\include\djah\math\splines.hpp">
      <Filter>include\math</Filter>
    </ClInclude>
    <ClInclude Include="..\..\..\include\djah\video\video_config.hpp">
      <Filter>include\video</Filter>
    </ClInclude>
    <ClInclude Include="..\..\..\include\djah\platform.hpp">
      <Filter>include</Filter>
    </ClInclude>
    <ClInclude Include="..\..\..\include\djah\video\device_base.hpp">
      <Filter>include\video</Filter>
    </ClInclude>
    <ClInclude Include="..\..\..\include\djah\video\driver_base.hpp">
      <Filter>include\video</Filter>
    </ClInclude>
    <ClInclude Include="..\..\..\include\djah\geometry\plane.hpp">
      <Filter>include\geometry</Filter>
    </ClInclude>
    <ClInclude Include="..\..\..\include\djah\geometry\ray.hpp">
      <Filter>include\geometry</Filter>
    </ClInclude>
    <ClInclude Include="..\..\..\include\djah\geometry\sphere.hpp">
      <Filter>include\geometry</Filter>
    </ClInclude>
    <ClInclude Include="..\..\..\include\djah\geometry\utils.hpp">
      <Filter>include\geometry</Filter>
    </ClInclude>
    <ClInclude Include="..\..\..\include\djah\geometry\rect.hpp">
      <Filter>include\geometry</Filter>
    </ClInclude>
    <ClInclude Include="..\..\..\include\djah\video\drivers\opengl_base.hpp">
      <Filter>include\video\drivers</Filter>
    </ClInclude>
    <ClInclude Include="..\..\..\include\djah\video\drivers\ogl\errors.hpp">
      <Filter>include\video\drivers\ogl</Filter>
    </ClInclude>
    <ClInclude Include="..\..\..\include\djah\log\console_logger.hpp">
      <Filter>include\log</Filter>
    </ClInclude>
    <ClInclude Include="..\..\..\include\djah\log\html_logger.hpp">
      <Filter>include\log</Filter>
    </ClInclude>
    <ClInclude Include="..\..\..\include\djah\log\logger.hpp">
      <Filter>include\log</Filter>
    </ClInclude>
    <ClInclude Include="..\..\..\include\djah\utils\typelist.hpp">
      <Filter>include\utils</Filter>
    </ClInclude>
    <ClInclude Include="..\..\..\include\djah\utils\detail\functor_impl.hpp">
      <Filter>include\utils\detail</Filter>
    </ClInclude>
    <ClInclude Include="..\..\..\include\djah\utils\detail\functor_handler.hpp">
      <Filter>include\utils\detail</Filter>
    </ClInclude>
    <ClInclude Include="..\..\..\include\djah\utils\detail\member_function_handler.hpp">
      <Filter>include\utils\detail</Filter>
    </ClInclude>
    <ClInclude Include="..\..\..\include\djah\utils\string_utils.hpp">
      <Filter>include\utils</Filter>
    </ClInclude>
    <ClInclude Include="..\..\..\include\djah\utils\command.hpp">
      <Filter>include\utils</Filter>
    </ClInclude>
    <ClInclude Include="..\..\..\include\djah\utils\detail\command_base.hpp">
      <Filter>include\utils\detail</Filter>
    </ClInclude>
    <ClInclude Include="..\..\..\include\djah\utils\functor.hpp">
      <Filter>include\utils</Filter>
    </ClInclude>
    <ClInclude Include="..\..\..\include\djah\video\fonts\font.hpp">
      <Filter>include\video\fonts</Filter>
    </ClInclude>
    <ClInclude Include="..\..\..\include\djah\utils\singleton.hpp">
      <Filter>include\utils</Filter>
    </ClInclude>
    <ClInclude Include="..\..\..\include\djah\utils\hierarchy_generation.hpp">
      <Filter>include\utils</Filter>
    </ClInclude>
    <ClInclude Include="..\..\..\include\djah\video\drivers\detail\opengl_impl.hpp">
      <Filter>include\video\drivers\detail</Filter>
    </ClInclude>
    <ClInclude Include="..\..\..\include\djah\video\drivers\detail\opengl_win32.hpp">
      <Filter>include\video\drivers\detail</Filter>
    </ClInclude>
    <ClInclude Include="..\..\..\include\djah\video\projection.hpp">
      <Filter>include\video</Filter>
    </ClInclude>
    <ClInclude Include="..\..\..\include\djah\video\drivers\ogl\buffers\buffer_base.hpp">
      <Filter>include\video\drivers\ogl\buffers</Filter>
    </ClInclude>
    <ClInclude Include="..\..\..\include\djah\video\drivers\ogl\buffers\index_buffer.hpp">
      <Filter>include\video\drivers\ogl\buffers</Filter>
    </ClInclude>
    <ClInclude Include="..\..\..\include\djah\video\drivers\ogl\buffers\uniform_buffer.hpp">
      <Filter>include\video\drivers\ogl\buffers</Filter>
    </ClInclude>
    <ClInclude Include="..\..\..\include\djah\video\drivers\ogl\buffers\vertex_array.hpp">
      <Filter>include\video\drivers\ogl\buffers</Filter>
    </ClInclude>
    <ClInclude Include="..\..\..\include\djah\video\drivers\ogl\buffers\vertex_attrib.hpp">
      <Filter>include\video\drivers\ogl\buffers</Filter>
    </ClInclude>
    <ClInclude Include="..\..\..\include\djah\video\drivers\ogl\buffers\vertex_buffer.hpp">
      <Filter>include\video\drivers\ogl\buffers</Filter>
    </ClInclude>
    <ClInclude Include="..\..\..\include\djah\video\drivers\ogl\buffers\vertex_format.hpp">
      <Filter>include\video\drivers\ogl\buffers</Filter>
    </ClInclude>
    <ClInclude Include="..\..\..\include\djah\video\drivers\ogl\shaders\geometry_shader.hpp">
      <Filter>include\video\drivers\ogl\shaders</Filter>
    </ClInclude>
    <ClInclude Include="..\..\..\include\djah\video\drivers\ogl\shaders\pixel_shader.hpp">
      <Filter>include\video\drivers\ogl\shaders</Filter>
    </ClInclude>
    <ClInclude Include="..\..\..\include\djah\video\drivers\ogl\shaders\shader.hpp">
      <Filter>include\video\drivers\ogl\shaders</Filter>
    </ClInclude>
    <ClInclude Include="..\..\..\include\djah\video\drivers\ogl\shaders\shader_base.hpp">
      <Filter>include\video\drivers\ogl\shaders</Filter>
    </ClInclude>
    <ClInclude Include="..\..\..\include\djah\video\drivers\ogl\shaders\vertex_shader.hpp">
      <Filter>include\video\drivers\ogl\shaders</Filter>
    </ClInclude>
    <ClInclude Include="..\..\..\include\djah\video\drivers\ogl\gl_caps.hpp">
      <Filter>include\video\drivers\ogl</Filter>
    </ClInclude>
    <ClInclude Include="..\..\..\include\djah\video\drivers\ogl\gl_types.hpp">
      <Filter>include\video\drivers\ogl</Filter>
    </ClInclude>
    <ClInclude Include="..\..\..\include\djah\video\drivers\ogl\resource.hpp">
      <Filter>include\video\drivers\ogl</Filter>
    </ClInclude>
    <ClInclude Include="..\..\..\include\djah\video\drivers\ogl\shaders.hpp">
      <Filter>include\video\drivers\ogl</Filter>
    </ClInclude>
    <ClInclude Include="..\..\..\include\djah\messages\message_type.hpp">
      <Filter>include\messages</Filter>
    </ClInclude>
    <ClInclude Include="..\..\..\include\djah\resources\resource_manager.hpp">
      <Filter>include\resources</Filter>
    </ClInclude>
    <ClInclude Include="..\..\..\include\djah\resources\resource_base.hpp">
      <Filter>include\resources</Filter>
    </ClInclude>
    <ClInclude Include="..\..\..\include\djah\resources\loader.hpp">
      <Filter>include\resources</Filter>
    </ClInclude>
    <ClInclude Include="..\..\..\include\djah\resources\image.hpp">
      <Filter>include\resources</Filter>
    </ClInclude>
    <ClInclude Include="..\..\..\include\djah\resources\loaders\image_loader.hpp">
      <Filter>include\resources\loaders</Filter>
    </ClInclude>
    <ClInclude Include="..\..\..\include\djah\fs\directory_source.hpp">
      <Filter>include\fs</Filter>
    </ClInclude>
    <ClInclude Include="..\..\..\include\djah\fs\file_stream.hpp">
      <Filter>include\fs</Filter>
    </ClInclude>
    <ClInclude Include="..\..\..\include\djah\fs\source.hpp">
      <Filter>include\fs</Filter>
    </ClInclude>
    <ClInclude Include="..\..\..\include\djah\fs\stream.hpp">
      <Filter>include\fs</Filter>
    </ClInclude>
    <ClInclude Include="..\..\..\include\djah\fs\filesystem.hpp">
      <Filter>include\fs</Filter>
    </ClInclude>
    <ClInclude Include="..\..\..\include\djah\resources\media_manager.hpp">
      <Filter>include\resources</Filter>
    </ClInclude>
    <ClInclude Include="..\..\..\include\djah\utils\randomizer.hpp">
      <Filter>include\utils</Filter>
    </ClInclude>
    <ClInclude Include="..\..\..\include\djah\video\drivers\ogl\buffers\frame_buffer.hpp">
      <Filter>include\video\drivers\ogl\buffers</Filter>
    </ClInclude>
    <ClInclude Include="..\..\..\include\djah\video\drivers\ogl\buffers\render_buffer.hpp">
      <Filter>include\video\drivers\ogl\buffers</Filter>
    </ClInclude>
    <ClInclude Include="..\..\..\include\djah\fs\compressed_source.hpp">
      <Filter>include\fs</Filter>
    </ClInclude>
    <ClInclude Include="..\..\..\include\djah\fs\compression_techniques.hpp">
      <Filter>include\fs</Filter>
    </ClInclude>
    <ClInclude Include="..\..\..\include\djah\fs\memory_stream.hpp">
      <Filter>include\fs</Filter>
    </ClInclude>
    <ClInclude Include="..\..\..\include\djah\time\clock.hpp">
      <Filter>include\time</Filter>
    </ClInclude>
    <ClInclude Include="..\..\..\include\djah\gameplay\go\component.hpp">
      <Filter>include\gameplay\go</Filter>
    </ClInclude>
    <ClInclude Include="..\..\..\include\djah\gameplay\go\components_database.hpp">
      <Filter>include\gameplay\go</Filter>
    </ClInclude>
    <ClInclude Include="..\..\..\include\djah\math\math_utils.hpp">
      <Filter>include\math</Filter>
    </ClInclude>
    <ClInclude Include="..\..\..\include\djah\math\matrix4.hpp">
      <Filter>include\math\matrix</Filter>
    </ClInclude>
    <ClInclude Include="..\..\..\include\djah\math\matrix3.hpp">
      <Filter>include\math\matrix</Filter>
    </ClInclude>
    <ClInclude Include="..\..\..\include\djah\math\matrix2.hpp">
      <Filter>include\math\matrix</Filter>
    </ClInclude>
    <ClInclude Include="..\..\..\include\djah\math\matrix_utils.hpp">
      <Filter>include\math\matrix</Filter>
    </ClInclude>
    <ClInclude Include="..\..\..\include\djah\math\vector_utils.hpp">
      <Filter>include\math\vector</Filter>
    </ClInclude>
    <ClInclude Include="..\..\..\include\djah\math\vector4.hpp">
      <Filter>include\math\vector</Filter>
    </ClInclude>
    <ClInclude Include="..\..\..\include\djah\math\vector3.hpp">
      <Filter>include\math\vector</Filter>
    </ClInclude>
    <ClInclude Include="..\..\..\include\djah\math\vector2.hpp">
      <Filter>include\math\vector</Filter>
    </ClInclude>
    <ClInclude Include="..\..\..\include\djah\math\vector.hpp">
      <Filter>include\math\vector</Filter>
    </ClInclude>
    <ClInclude Include="..\..\..\include\djah\math\vector.inl">
      <Filter>include\math\vector</Filter>
    </ClInclude>
    <ClInclude Include="..\..\..\include\djah\math\quaternion.hpp">
      <Filter>include\math\quaternion</Filter>
    </ClInclude>
    <ClInclude Include="..\..\..\include\djah\math\quaternion_utils.hpp">
      <Filter>include\math\quaternion</Filter>
    </ClInclude>
    <ClInclude Include="..\..\..\include\djah\math\matrix.hpp">
      <Filter>include\math\matrix</Filter>
    </ClInclude>
    <ClInclude Include="..\..\..\include\djah\video\devices\win32device.hpp">
      <Filter>include\video\devices</Filter>
    </ClInclude>
    <ClInclude Include="..\..\..\include\djah\video\drivers\opengl_include.hpp">
      <Filter>include\video\drivers</Filter>
    </ClInclude>
  </ItemGroup>
  <ItemGroup>
    <None Include="..\..\..\include\djah\geometry\plane.inl">
      <Filter>include\geometry</Filter>
    </None>
    <None Include="..\..\..\include\djah\geometry\rect.inl">
      <Filter>include\geometry</Filter>
    </None>
    <None Include="..\..\..\include\djah\log\logger.inl">
      <Filter>include\log</Filter>
    </None>
    <None Include="..\..\..\include\djah\video\drivers\ogl\buffers\buffer_base.inl">
      <Filter>include\video\drivers\ogl\buffers</Filter>
    </None>
    <None Include="..\..\..\include\djah\video\drivers\ogl\shaders\shader.inl">
      <Filter>include\video\drivers\ogl\shaders</Filter>
    </None>
    <None Include="..\..\..\include\djah\video\drivers\ogl\shaders\shader_base.inl">
      <Filter>include\video\drivers\ogl\shaders</Filter>
    </None>
    <None Include="..\..\..\include\djah\fs\stream.inl">
      <Filter>include\fs</Filter>
    </None>
    <None Include="..\..\..\include\djah\resources\media_manager.inl">
      <Filter>include\resources</Filter>
    </None>
    <None Include="..\..\..\include\djah\fs\compressed_source.inl">
      <Filter>include\fs</Filter>
    </None>
    <None Include="..\..\..\include\djah\gameplay\go\components_database.inl">
      <Filter>include\gameplay\go</Filter>
    </None>
    <None Include="..\..\..\include\djah\gameplay\go\components_typelist.inl">
      <Filter>include\gameplay\go</Filter>
    </None>
    <None Include="..\..\..\include\djah\math\quaternion.inl">
      <Filter>include\math\quaternion</Filter>
    </None>
    <None Include="..\..\..\include\djah\math\matrix.inl">
      <Filter>include\math\matrix</Filter>
    </None>
    <None Include="..\..\..\include\djah\video\drivers\opengl_base.inl">
      <Filter>include\video\drivers</Filter>
    </None>
  </ItemGroup>
  <ItemGroup>
    <ClCompile Include="..\..\..\src\video\devices\win32device.cpp">
      <Filter>src\video\devices</Filter>
    </ClCompile>
    <ClCompile Include="..\..\..\src\video\video_config.cpp">
      <Filter>src\video</Filter>
    </ClCompile>
    <ClCompile Include="..\..\..\src\video\device_base.cpp">
      <Filter>src\video</Filter>
    </ClCompile>
    <ClCompile Include="..\..\..\src\video\driver_base.cpp">
      <Filter>src\video</Filter>
    </ClCompile>
    <ClCompile Include="..\..\..\src\video\drivers\detail\opengl_win32.cpp">
      <Filter>src\video\drivers\detail</Filter>
    </ClCompile>
    <ClCompile Include="..\..\..\src\log\console_logger.cpp">
      <Filter>src\log</Filter>
    </ClCompile>
    <ClCompile Include="..\..\..\src\log\html_logger.cpp">
      <Filter>src\log</Filter>
    </ClCompile>
    <ClCompile Include="..\..\..\src\log\logger.cpp">
      <Filter>src\log</Filter>
    </ClCompile>
    <ClCompile Include="..\..\..\src\video\drivers\ogl\buffers\vertex_format.cpp">
      <Filter>src\video\drivers\ogl\buffers</Filter>
    </ClCompile>
    <ClCompile Include="..\..\..\src\video\drivers\ogl\shaders\shader.cpp">
      <Filter>src\video\drivers\ogl\shaders</Filter>
    </ClCompile>
    <ClCompile Include="..\..\..\src\video\drivers\ogl\gl_caps.cpp">
      <Filter>src\video\drivers\ogl</Filter>
    </ClCompile>
    <ClCompile Include="..\..\..\src\video\drivers\ogl\buffers\vertex_array.cpp">
      <Filter>src\video\drivers\ogl\buffers</Filter>
    </ClCompile>
    <ClCompile Include="..\..\..\src\resources\resource_base.cpp">
      <Filter>src\resources</Filter>
    </ClCompile>
    <ClCompile Include="..\..\..\src\resources\resource_manager.cpp">
      <Filter>src\resources</Filter>
    </ClCompile>
    <ClCompile Include="..\..\..\src\resources\loaders\image_loader.cpp">
      <Filter>src\resources\loaders</Filter>
    </ClCompile>
    <ClCompile Include="..\..\..\src\fs\directory_source.cpp">
      <Filter>src\fs</Filter>
    </ClCompile>
    <ClCompile Include="..\..\..\src\fs\file_stream.cpp">
      <Filter>src\fs</Filter>
    </ClCompile>
    <ClCompile Include="..\..\..\src\fs\filesystem.cpp">
      <Filter>src\fs</Filter>
    </ClCompile>
    <ClCompile Include="..\..\..\src\resources\image.cpp">
      <Filter>src\resources</Filter>
    </ClCompile>
    <ClCompile Include="..\..\..\src\utils\randomizer.cpp">
      <Filter>src\utils</Filter>
    </ClCompile>
    <ClCompile Include="..\..\..\src\video\drivers\ogl\buffers\frame_buffer.cpp">
      <Filter>src\video\drivers\ogl\buffers</Filter>
    </ClCompile>
    <ClCompile Include="..\..\..\src\video\drivers\ogl\buffers\render_buffer.cpp">
      <Filter>src\video\drivers\ogl\buffers</Filter>
    </ClCompile>
    <ClCompile Include="..\..\..\src\fs\compression_techniques.cpp">
      <Filter>src\fs</Filter>
    </ClCompile>
    <ClCompile Include="..\..\..\src\fs\memory_stream.cpp">
      <Filter>src\fs</Filter>
    </ClCompile>
    <ClCompile Include="..\..\..\src\time\clock.cpp">
      <Filter>src\time</Filter>
    </ClCompile>
    <ClCompile Include="..\..\..\src\video\primitives\triangle.cpp">
      <Filter>src\video\primitives</Filter>
    </ClCompile>
    <ClCompile Include="..\..\..\src\video\drivers\ogl\shaders\shader_base.cpp">
      <Filter>src\video\drivers\ogl\shaders</Filter>
    </ClCompile>
    <ClCompile Include="..\..\..\src\video\drivers\ogl\buffers\buffer_base.cpp">
      <Filter>src\video\drivers\ogl\buffers</Filter>
    </ClCompile>
  </ItemGroup>
</Project>