
Microsoft Visual Studio Solution File, Format Version 11.00
# Visual Studio 2010
Project("{8BC9CEB8-8B4A-11D0-8D11-00A0C91BC942}") = "collada_converter", "collada_converter\collada_converter.vcxproj", "{82AAAFDA-45C5-44E2-81BC-0E0EE09AF99E}"
	ProjectSection(ProjectDependencies) = postProject
		{A7E4A125-E05E-4C43-96C0-85D1A7AB16FD} = {A7E4A125-E05E-4C43-96C0-85D1A7AB16FD}
	EndProjectSection
EndProject
Project("{8BC9CEB8-8B4A-11D0-8D11-00A0C91BC942}") = "pak_compressor", "pak_compressor\pak_compressor.vcxproj", "{226ED030-80A3-471A-9FA2-82EA872FAD5A}"
EndProject
Project("{8BC9CEB8-8B4A-11D0-8D11-00A0C91BC942}") = "collada_viewer", "collada_viewer\collada_viewer.vcxproj", "{89FD33DA-EE69-477B-8B47-F39BF13B6FE3}"
	ProjectSection(ProjectDependencies) = postProject
		{A7E4A125-E05E-4C43-96C0-85D1A7AB16FD} = {A7E4A125-E05E-4C43-96C0-85D1A7AB16FD}
	EndProjectSection
EndProject
Project("{8BC9CEB8-8B4A-11D0-8D11-00A0C91BC942}") = "collada_parser", "collada_parser\collada_parser.vcxproj", "{A7E4A125-E05E-4C43-96C0-85D1A7AB16FD}"
EndProject
Global
	GlobalSection(SolutionConfigurationPlatforms) = preSolution
		Debug|Win32 = Debug|Win32
		Release|Win32 = Release|Win32
	EndGlobalSection
	GlobalSection(ProjectConfigurationPlatforms) = postSolution
		{82AAAFDA-45C5-44E2-81BC-0E0EE09AF99E}.Debug|Win32.ActiveCfg = Debug|Win32
		{82AAAFDA-45C5-44E2-81BC-0E0EE09AF99E}.Debug|Win32.Build.0 = Debug|Win32
		{82AAAFDA-45C5-44E2-81BC-0E0EE09AF99E}.Release|Win32.ActiveCfg = Release|Win32
		{82AAAFDA-45C5-44E2-81BC-0E0EE09AF99E}.Release|Win32.Build.0 = Release|Win32
		{226ED030-80A3-471A-9FA2-82EA872FAD5A}.Debug|Win32.ActiveCfg = Debug|Win32
		{226ED030-80A3-471A-9FA2-82EA872FAD5A}.Debug|Win32.Build.0 = Debug|Win32
		{226ED030-80A3-471A-9FA2-82EA872FAD5A}.Release|Win32.ActiveCfg = Release|Win32
		{226ED030-80A3-471A-9FA2-82EA872FAD5A}.Release|Win32.Build.0 = Release|Win32
		{89FD33DA-EE69-477B-8B47-F39BF13B6FE3}.Debug|Win32.ActiveCfg = Debug|Win32
		{89FD33DA-EE69-477B-8B47-F39BF13B6FE3}.Debug|Win32.Build.0 = Debug|Win32
		{89FD33DA-EE69-477B-8B47-F39BF13B6FE3}.Release|Win32.ActiveCfg = Release|Win32
		{89FD33DA-EE69-477B-8B47-F39BF13B6FE3}.Release|Win32.Build.0 = Release|Win32
		{A7E4A125-E05E-4C43-96C0-85D1A7AB16FD}.Debug|Win32.ActiveCfg = Debug|Win32
		{A7E4A125-E05E-4C43-96C0-85D1A7AB16FD}.Debug|Win32.Build.0 = Debug|Win32
		{A7E4A125-E05E-4C43-96C0-85D1A7AB16FD}.Release|Win32.ActiveCfg = Release|Win32
		{A7E4A125-E05E-4C43-96C0-85D1A7AB16FD}.Release|Win32.Build.0 = Release|Win32
	EndGlobalSection
	GlobalSection(SolutionProperties) = preSolution
		HideSolutionNode = FALSE
	EndGlobalSection
EndGlobal
